// !$*UTF8*$!
{
	archiveVersion = 1;
	classes = {
	};
	objectVersion = 56;
	objects = {

/* Begin PBXBuildFile section */
		4A8D0A072AC9CDF9003EA534 /* RRC137App.swift in Sources */ = {isa = PBXBuildFile; fileRef = 4A8D0A062AC9CDF9003EA534 /* RRC137App.swift */; };
		4A8D0A092AC9CDF9003EA534 /* ContentView.swift in Sources */ = {isa = PBXBuildFile; fileRef = 4A8D0A082AC9CDF9003EA534 /* ContentView.swift */; };
		4A8D0A0B2AC9CDFC003EA534 /* Assets.xcassets in Resources */ = {isa = PBXBuildFile; fileRef = 4A8D0A0A2AC9CDFC003EA534 /* Assets.xcassets */; };
		4A8D0A0E2AC9CDFC003EA534 /* Preview Assets.xcassets in Resources */ = {isa = PBXBuildFile; fileRef = 4A8D0A0D2AC9CDFC003EA534 /* Preview Assets.xcassets */; };
		4A8D0A182AC9CDFC003EA534 /* RRC137Tests.swift in Sources */ = {isa = PBXBuildFile; fileRef = 4A8D0A172AC9CDFC003EA534 /* RRC137Tests.swift */; };
		4A8D0A222AC9CDFC003EA534 /* RRC137UITests.swift in Sources */ = {isa = PBXBuildFile; fileRef = 4A8D0A212AC9CDFC003EA534 /* RRC137UITests.swift */; };
		4A8D0A242AC9CDFC003EA534 /* RRC137UITestsLaunchTests.swift in Sources */ = {isa = PBXBuildFile; fileRef = 4A8D0A232AC9CDFC003EA534 /* RRC137UITestsLaunchTests.swift */; };
/* End PBXBuildFile section */

/* Begin PBXContainerItemProxy section */
		4A8D0A142AC9CDFC003EA534 /* PBXContainerItemProxy */ = {
			isa = PBXContainerItemProxy;
			containerPortal = 4A8D09FB2AC9CDF9003EA534 /* Project object */;
			proxyType = 1;
			remoteGlobalIDString = 4A8D0A022AC9CDF9003EA534;
			remoteInfo = RRC137;
		};
		4A8D0A1E2AC9CDFC003EA534 /* PBXContainerItemProxy */ = {
			isa = PBXContainerItemProxy;
			containerPortal = 4A8D09FB2AC9CDF9003EA534 /* Project object */;
			proxyType = 1;
			remoteGlobalIDString = 4A8D0A022AC9CDF9003EA534;
			remoteInfo = RRC137;
		};
/* End PBXContainerItemProxy section */

/* Begin PBXFileReference section */
		4A8D0A032AC9CDF9003EA534 /* RRC137.app */ = {isa = PBXFileReference; explicitFileType = wrapper.application; includeInIndex = 0; path = RRC137.app; sourceTree = BUILT_PRODUCTS_DIR; };
		4A8D0A062AC9CDF9003EA534 /* RRC137App.swift */ = {isa = PBXFileReference; lastKnownFileType = sourcecode.swift; path = RRC137App.swift; sourceTree = "<group>"; };
		4A8D0A082AC9CDF9003EA534 /* ContentView.swift */ = {isa = PBXFileReference; lastKnownFileType = sourcecode.swift; path = ContentView.swift; sourceTree = "<group>"; };
		4A8D0A0A2AC9CDFC003EA534 /* Assets.xcassets */ = {isa = PBXFileReference; lastKnownFileType = folder.assetcatalog; path = Assets.xcassets; sourceTree = "<group>"; };
		4A8D0A0D2AC9CDFC003EA534 /* Preview Assets.xcassets */ = {isa = PBXFileReference; lastKnownFileType = folder.assetcatalog; path = "Preview Assets.xcassets"; sourceTree = "<group>"; };
		4A8D0A132AC9CDFC003EA534 /* RRC137Tests.xctest */ = {isa = PBXFileReference; explicitFileType = wrapper.cfbundle; includeInIndex = 0; path = RRC137Tests.xctest; sourceTree = BUILT_PRODUCTS_DIR; };
		4A8D0A172AC9CDFC003EA534 /* RRC137Tests.swift */ = {isa = PBXFileReference; lastKnownFileType = sourcecode.swift; path = RRC137Tests.swift; sourceTree = "<group>"; };
		4A8D0A1D2AC9CDFC003EA534 /* RRC137UITests.xctest */ = {isa = PBXFileReference; explicitFileType = wrapper.cfbundle; includeInIndex = 0; path = RRC137UITests.xctest; sourceTree = BUILT_PRODUCTS_DIR; };
		4A8D0A212AC9CDFC003EA534 /* RRC137UITests.swift */ = {isa = PBXFileReference; lastKnownFileType = sourcecode.swift; path = RRC137UITests.swift; sourceTree = "<group>"; };
		4A8D0A232AC9CDFC003EA534 /* RRC137UITestsLaunchTests.swift */ = {isa = PBXFileReference; lastKnownFileType = sourcecode.swift; path = RRC137UITestsLaunchTests.swift; sourceTree = "<group>"; };
/* End PBXFileReference section */

/* Begin PBXFrameworksBuildPhase section */
		4A8D0A002AC9CDF9003EA534 /* Frameworks */ = {
			isa = PBXFrameworksBuildPhase;
			buildActionMask = 2147483647;
			files = (
			);
			runOnlyForDeploymentPostprocessing = 0;
		};
		4A8D0A102AC9CDFC003EA534 /* Frameworks */ = {
			isa = PBXFrameworksBuildPhase;
			buildActionMask = 2147483647;
			files = (
			);
			runOnlyForDeploymentPostprocessing = 0;
		};
		4A8D0A1A2AC9CDFC003EA534 /* Frameworks */ = {
			isa = PBXFrameworksBuildPhase;
			buildActionMask = 2147483647;
			files = (
			);
			runOnlyForDeploymentPostprocessing = 0;
		};
/* End PBXFrameworksBuildPhase section */

/* Begin PBXGroup section */
		4A8D09FA2AC9CDF9003EA534 = {
			isa = PBXGroup;
			children = (
				4A8D0A052AC9CDF9003EA534 /* RRC137 */,
				4A8D0A162AC9CDFC003EA534 /* RRC137Tests */,
				4A8D0A202AC9CDFC003EA534 /* RRC137UITests */,
				4A8D0A042AC9CDF9003EA534 /* Products */,
			);
			sourceTree = "<group>";
		};
		4A8D0A042AC9CDF9003EA534 /* Products */ = {
			isa = PBXGroup;
			children = (
				4A8D0A032AC9CDF9003EA534 /* RRC137.app */,
				4A8D0A132AC9CDFC003EA534 /* RRC137Tests.xctest */,
				4A8D0A1D2AC9CDFC003EA534 /* RRC137UITests.xctest */,
			);
			name = Products;
			sourceTree = "<group>";
		};
		4A8D0A052AC9CDF9003EA534 /* RRC137 */ = {
			isa = PBXGroup;
			children = (
				4A8D0A062AC9CDF9003EA534 /* RRC137App.swift */,
				4A8D0A082AC9CDF9003EA534 /* ContentView.swift */,
				4A8D0A0A2AC9CDFC003EA534 /* Assets.xcassets */,
				4A8D0A0C2AC9CDFC003EA534 /* Preview Content */,
			);
			path = RRC137;
			sourceTree = "<group>";
		};
		4A8D0A0C2AC9CDFC003EA534 /* Preview Content */ = {
			isa = PBXGroup;
			children = (
				4A8D0A0D2AC9CDFC003EA534 /* Preview Assets.xcassets */,
			);
			path = "Preview Content";
			sourceTree = "<group>";
		};
		4A8D0A162AC9CDFC003EA534 /* RRC137Tests */ = {
			isa = PBXGroup;
			children = (
				4A8D0A172AC9CDFC003EA534 /* RRC137Tests.swift */,
			);
			path = RRC137Tests;
			sourceTree = "<group>";
		};
		4A8D0A202AC9CDFC003EA534 /* RRC137UITests */ = {
			isa = PBXGroup;
			children = (
				4A8D0A212AC9CDFC003EA534 /* RRC137UITests.swift */,
				4A8D0A232AC9CDFC003EA534 /* RRC137UITestsLaunchTests.swift */,
			);
			path = RRC137UITests;
			sourceTree = "<group>";
		};
/* End PBXGroup section */

/* Begin PBXNativeTarget section */
		4A8D0A022AC9CDF9003EA534 /* RRC137 */ = {
			isa = PBXNativeTarget;
			buildConfigurationList = 4A8D0A272AC9CDFC003EA534 /* Build configuration list for PBXNativeTarget "RRC137" */;
			buildPhases = (
				4A8D09FF2AC9CDF9003EA534 /* Sources */,
				4A8D0A002AC9CDF9003EA534 /* Frameworks */,
				4A8D0A012AC9CDF9003EA534 /* Resources */,
			);
			buildRules = (
			);
			dependencies = (
			);
			name = RRC137;
			productName = RRC137;
			productReference = 4A8D0A032AC9CDF9003EA534 /* RRC137.app */;
			productType = "com.apple.product-type.application";
		};
		4A8D0A122AC9CDFC003EA534 /* RRC137Tests */ = {
			isa = PBXNativeTarget;
			buildConfigurationList = 4A8D0A2A2AC9CDFC003EA534 /* Build configuration list for PBXNativeTarget "RRC137Tests" */;
			buildPhases = (
				4A8D0A0F2AC9CDFC003EA534 /* Sources */,
				4A8D0A102AC9CDFC003EA534 /* Frameworks */,
				4A8D0A112AC9CDFC003EA534 /* Resources */,
			);
			buildRules = (
			);
			dependencies = (
				4A8D0A152AC9CDFC003EA534 /* PBXTargetDependency */,
			);
			name = RRC137Tests;
			productName = RRC137Tests;
			productReference = 4A8D0A132AC9CDFC003EA534 /* RRC137Tests.xctest */;
			productType = "com.apple.product-type.bundle.unit-test";
		};
		4A8D0A1C2AC9CDFC003EA534 /* RRC137UITests */ = {
			isa = PBXNativeTarget;
			buildConfigurationList = 4A8D0A2D2AC9CDFC003EA534 /* Build configuration list for PBXNativeTarget "RRC137UITests" */;
			buildPhases = (
				4A8D0A192AC9CDFC003EA534 /* Sources */,
				4A8D0A1A2AC9CDFC003EA534 /* Frameworks */,
				4A8D0A1B2AC9CDFC003EA534 /* Resources */,
			);
			buildRules = (
			);
			dependencies = (
				4A8D0A1F2AC9CDFC003EA534 /* PBXTargetDependency */,
			);
			name = RRC137UITests;
			productName = RRC137UITests;
			productReference = 4A8D0A1D2AC9CDFC003EA534 /* RRC137UITests.xctest */;
			productType = "com.apple.product-type.bundle.ui-testing";
		};
/* End PBXNativeTarget section */

/* Begin PBXProject section */
		4A8D09FB2AC9CDF9003EA534 /* Project object */ = {
			isa = PBXProject;
			attributes = {
				BuildIndependentTargetsInParallel = 1;
				LastSwiftUpdateCheck = 1500;
				LastUpgradeCheck = 1500;
				TargetAttributes = {
					4A8D0A022AC9CDF9003EA534 = {
						CreatedOnToolsVersion = 15.0;
					};
					4A8D0A122AC9CDFC003EA534 = {
						CreatedOnToolsVersion = 15.0;
						TestTargetID = 4A8D0A022AC9CDF9003EA534;
					};
					4A8D0A1C2AC9CDFC003EA534 = {
						CreatedOnToolsVersion = 15.0;
						TestTargetID = 4A8D0A022AC9CDF9003EA534;
					};
				};
			};
			buildConfigurationList = 4A8D09FE2AC9CDF9003EA534 /* Build configuration list for PBXProject "RRC137" */;
			compatibilityVersion = "Xcode 14.0";
			developmentRegion = en;
			hasScannedForEncodings = 0;
			knownRegions = (
				en,
				Base,
			);
			mainGroup = 4A8D09FA2AC9CDF9003EA534;
			productRefGroup = 4A8D0A042AC9CDF9003EA534 /* Products */;
			projectDirPath = "";
			projectRoot = "";
			targets = (
				4A8D0A022AC9CDF9003EA534 /* RRC137 */,
				4A8D0A122AC9CDFC003EA534 /* RRC137Tests */,
				4A8D0A1C2AC9CDFC003EA534 /* RRC137UITests */,
			);
		};
/* End PBXProject section */

/* Begin PBXResourcesBuildPhase section */
		4A8D0A012AC9CDF9003EA534 /* Resources */ = {
			isa = PBXResourcesBuildPhase;
			buildActionMask = 2147483647;
			files = (
				4A8D0A0E2AC9CDFC003EA534 /* Preview Assets.xcassets in Resources */,
				4A8D0A0B2AC9CDFC003EA534 /* Assets.xcassets in Resources */,
			);
			runOnlyForDeploymentPostprocessing = 0;
		};
		4A8D0A112AC9CDFC003EA534 /* Resources */ = {
			isa = PBXResourcesBuildPhase;
			buildActionMask = 2147483647;
			files = (
			);
			runOnlyForDeploymentPostprocessing = 0;
		};
		4A8D0A1B2AC9CDFC003EA534 /* Resources */ = {
			isa = PBXResourcesBuildPhase;
			buildActionMask = 2147483647;
			files = (
			);
			runOnlyForDeploymentPostprocessing = 0;
		};
/* End PBXResourcesBuildPhase section */

/* Begin PBXSourcesBuildPhase section */
		4A8D09FF2AC9CDF9003EA534 /* Sources */ = {
			isa = PBXSourcesBuildPhase;
			buildActionMask = 2147483647;
			files = (
				4A8D0A092AC9CDF9003EA534 /* ContentView.swift in Sources */,
				4A8D0A072AC9CDF9003EA534 /* RRC137App.swift in Sources */,
			);
			runOnlyForDeploymentPostprocessing = 0;
		};
		4A8D0A0F2AC9CDFC003EA534 /* Sources */ = {
			isa = PBXSourcesBuildPhase;
			buildActionMask = 2147483647;
			files = (
				4A8D0A182AC9CDFC003EA534 /* RRC137Tests.swift in Sources */,
			);
			runOnlyForDeploymentPostprocessing = 0;
		};
		4A8D0A192AC9CDFC003EA534 /* Sources */ = {
			isa = PBXSourcesBuildPhase;
			buildActionMask = 2147483647;
			files = (
				4A8D0A242AC9CDFC003EA534 /* RRC137UITestsLaunchTests.swift in Sources */,
				4A8D0A222AC9CDFC003EA534 /* RRC137UITests.swift in Sources */,
			);
			runOnlyForDeploymentPostprocessing = 0;
		};
/* End PBXSourcesBuildPhase section */

/* Begin PBXTargetDependency section */
		4A8D0A152AC9CDFC003EA534 /* PBXTargetDependency */ = {
			isa = PBXTargetDependency;
			target = 4A8D0A022AC9CDF9003EA534 /* RRC137 */;
			targetProxy = 4A8D0A142AC9CDFC003EA534 /* PBXContainerItemProxy */;
		};
		4A8D0A1F2AC9CDFC003EA534 /* PBXTargetDependency */ = {
			isa = PBXTargetDependency;
			target = 4A8D0A022AC9CDF9003EA534 /* RRC137 */;
			targetProxy = 4A8D0A1E2AC9CDFC003EA534 /* PBXContainerItemProxy */;
		};
/* End PBXTargetDependency section */

/* Begin XCBuildConfiguration section */
		4A8D0A252AC9CDFC003EA534 /* Debug */ = {
			isa = XCBuildConfiguration;
			buildSettings = {
				ALWAYS_SEARCH_USER_PATHS = NO;
				ASSETCATALOG_COMPILER_GENERATE_SWIFT_ASSET_SYMBOL_EXTENSIONS = YES;
				CLANG_ANALYZER_NONNULL = YES;
				CLANG_ANALYZER_NUMBER_OBJECT_CONVERSION = YES_AGGRESSIVE;
				CLANG_CXX_LANGUAGE_STANDARD = "gnu++20";
				CLANG_ENABLE_MODULES = YES;
				CLANG_ENABLE_OBJC_ARC = YES;
				CLANG_ENABLE_OBJC_WEAK = YES;
				CLANG_WARN_BLOCK_CAPTURE_AUTORELEASING = YES;
				CLANG_WARN_BOOL_CONVERSION = YES;
				CLANG_WARN_COMMA = YES;
				CLANG_WARN_CONSTANT_CONVERSION = YES;
				CLANG_WARN_DEPRECATED_OBJC_IMPLEMENTATIONS = YES;
				CLANG_WARN_DIRECT_OBJC_ISA_USAGE = YES_ERROR;
				CLANG_WARN_DOCUMENTATION_COMMENTS = YES;
				CLANG_WARN_EMPTY_BODY = YES;
				CLANG_WARN_ENUM_CONVERSION = YES;
				CLANG_WARN_INFINITE_RECURSION = YES;
				CLANG_WARN_INT_CONVERSION = YES;
				CLANG_WARN_NON_LITERAL_NULL_CONVERSION = YES;
				CLANG_WARN_OBJC_IMPLICIT_RETAIN_SELF = YES;
				CLANG_WARN_OBJC_LITERAL_CONVERSION = YES;
				CLANG_WARN_OBJC_ROOT_CLASS = YES_ERROR;
				CLANG_WARN_QUOTED_INCLUDE_IN_FRAMEWORK_HEADER = YES;
				CLANG_WARN_RANGE_LOOP_ANALYSIS = YES;
				CLANG_WARN_STRICT_PROTOTYPES = YES;
				CLANG_WARN_SUSPICIOUS_MOVE = YES;
				CLANG_WARN_UNGUARDED_AVAILABILITY = YES_AGGRESSIVE;
				CLANG_WARN_UNREACHABLE_CODE = YES;
				CLANG_WARN__DUPLICATE_METHOD_MATCH = YES;
				COPY_PHASE_STRIP = NO;
				DEBUG_INFORMATION_FORMAT = dwarf;
				ENABLE_STRICT_OBJC_MSGSEND = YES;
				ENABLE_TESTABILITY = YES;
				ENABLE_USER_SCRIPT_SANDBOXING = YES;
				GCC_C_LANGUAGE_STANDARD = gnu17;
				GCC_DYNAMIC_NO_PIC = NO;
				GCC_NO_COMMON_BLOCKS = YES;
				GCC_OPTIMIZATION_LEVEL = 0;
				GCC_PREPROCESSOR_DEFINITIONS = (
					"DEBUG=1",
					"$(inherited)",
				);
				GCC_WARN_64_TO_32_BIT_CONVERSION = YES;
				GCC_WARN_ABOUT_RETURN_TYPE = YES_ERROR;
				GCC_WARN_UNDECLARED_SELECTOR = YES;
				GCC_WARN_UNINITIALIZED_AUTOS = YES_AGGRESSIVE;
				GCC_WARN_UNUSED_FUNCTION = YES;
				GCC_WARN_UNUSED_VARIABLE = YES;
				IPHONEOS_DEPLOYMENT_TARGET = 17.0;
				LOCALIZATION_PREFERS_STRING_CATALOGS = YES;
				MTL_ENABLE_DEBUG_INFO = INCLUDE_SOURCE;
				MTL_FAST_MATH = YES;
				ONLY_ACTIVE_ARCH = YES;
				SDKROOT = iphoneos;
				SWIFT_ACTIVE_COMPILATION_CONDITIONS = "DEBUG $(inherited)";
				SWIFT_OPTIMIZATION_LEVEL = "-Onone";
			};
			name = Debug;
		};
		4A8D0A262AC9CDFC003EA534 /* Release */ = {
			isa = XCBuildConfiguration;
			buildSettings = {
				ALWAYS_SEARCH_USER_PATHS = NO;
				ASSETCATALOG_COMPILER_GENERATE_SWIFT_ASSET_SYMBOL_EXTENSIONS = YES;
				CLANG_ANALYZER_NONNULL = YES;
				CLANG_ANALYZER_NUMBER_OBJECT_CONVERSION = YES_AGGRESSIVE;
				CLANG_CXX_LANGUAGE_STANDARD = "gnu++20";
				CLANG_ENABLE_MODULES = YES;
				CLANG_ENABLE_OBJC_ARC = YES;
				CLANG_ENABLE_OBJC_WEAK = YES;
				CLANG_WARN_BLOCK_CAPTURE_AUTORELEASING = YES;
				CLANG_WARN_BOOL_CONVERSION = YES;
				CLANG_WARN_COMMA = YES;
				CLANG_WARN_CONSTANT_CONVERSION = YES;
				CLANG_WARN_DEPRECATED_OBJC_IMPLEMENTATIONS = YES;
				CLANG_WARN_DIRECT_OBJC_ISA_USAGE = YES_ERROR;
				CLANG_WARN_DOCUMENTATION_COMMENTS = YES;
				CLANG_WARN_EMPTY_BODY = YES;
				CLANG_WARN_ENUM_CONVERSION = YES;
				CLANG_WARN_INFINITE_RECURSION = YES;
				CLANG_WARN_INT_CONVERSION = YES;
				CLANG_WARN_NON_LITERAL_NULL_CONVERSION = YES;
				CLANG_WARN_OBJC_IMPLICIT_RETAIN_SELF = YES;
				CLANG_WARN_OBJC_LITERAL_CONVERSION = YES;
				CLANG_WARN_OBJC_ROOT_CLASS = YES_ERROR;
				CLANG_WARN_QUOTED_INCLUDE_IN_FRAMEWORK_HEADER = YES;
				CLANG_WARN_RANGE_LOOP_ANALYSIS = YES;
				CLANG_WARN_STRICT_PROTOTYPES = YES;
				CLANG_WARN_SUSPICIOUS_MOVE = YES;
				CLANG_WARN_UNGUARDED_AVAILABILITY = YES_AGGRESSIVE;
				CLANG_WARN_UNREACHABLE_CODE = YES;
				CLANG_WARN__DUPLICATE_METHOD_MATCH = YES;
				COPY_PHASE_STRIP = NO;
				DEBUG_INFORMATION_FORMAT = "dwarf-with-dsym";
				ENABLE_NS_ASSERTIONS = NO;
				ENABLE_STRICT_OBJC_MSGSEND = YES;
				ENABLE_USER_SCRIPT_SANDBOXING = YES;
				GCC_C_LANGUAGE_STANDARD = gnu17;
				GCC_NO_COMMON_BLOCKS = YES;
				GCC_WARN_64_TO_32_BIT_CONVERSION = YES;
				GCC_WARN_ABOUT_RETURN_TYPE = YES_ERROR;
				GCC_WARN_UNDECLARED_SELECTOR = YES;
				GCC_WARN_UNINITIALIZED_AUTOS = YES_AGGRESSIVE;
				GCC_WARN_UNUSED_FUNCTION = YES;
				GCC_WARN_UNUSED_VARIABLE = YES;
				IPHONEOS_DEPLOYMENT_TARGET = 17.0;
				LOCALIZATION_PREFERS_STRING_CATALOGS = YES;
				MTL_ENABLE_DEBUG_INFO = NO;
				MTL_FAST_MATH = YES;
				SDKROOT = iphoneos;
				SWIFT_COMPILATION_MODE = wholemodule;
				VALIDATE_PRODUCT = YES;
			};
			name = Release;
		};
		4A8D0A282AC9CDFC003EA534 /* Debug */ = {
			isa = XCBuildConfiguration;
			buildSettings = {
				ASSETCATALOG_COMPILER_APPICON_NAME = AppIcon;
				ASSETCATALOG_COMPILER_GLOBAL_ACCENT_COLOR_NAME = AccentColor;
				CODE_SIGN_STYLE = Automatic;
				CURRENT_PROJECT_VERSION = 1;
				DEVELOPMENT_ASSET_PATHS = "\"RRC137/Preview Content\"";
				ENABLE_PREVIEWS = YES;
				GENERATE_INFOPLIST_FILE = YES;
				INFOPLIST_KEY_UIApplicationSceneManifest_Generation = YES;
				INFOPLIST_KEY_UIApplicationSupportsIndirectInputEvents = YES;
				INFOPLIST_KEY_UILaunchScreen_Generation = YES;
				INFOPLIST_KEY_UISupportedInterfaceOrientations_iPad = "UIInterfaceOrientationPortrait UIInterfaceOrientationPortraitUpsideDown UIInterfaceOrientationLandscapeLeft UIInterfaceOrientationLandscapeRight";
				INFOPLIST_KEY_UISupportedInterfaceOrientations_iPhone = "UIInterfaceOrientationPortrait UIInterfaceOrientationLandscapeLeft UIInterfaceOrientationLandscapeRight";
				LD_RUNPATH_SEARCH_PATHS = (
					"$(inherited)",
					"@executable_path/Frameworks",
				);
				MARKETING_VERSION = 1.0;
				PRODUCT_BUNDLE_IDENTIFIER = com.c137.RRC137;
				PRODUCT_NAME = "$(TARGET_NAME)";
				SWIFT_EMIT_LOC_STRINGS = YES;
				SWIFT_VERSION = 5.0;
				TARGETED_DEVICE_FAMILY = "1,2";
			};
			name = Debug;
		};
		4A8D0A292AC9CDFC003EA534 /* Release */ = {
			isa = XCBuildConfiguration;
			buildSettings = {
				ASSETCATALOG_COMPILER_APPICON_NAME = AppIcon;
				ASSETCATALOG_COMPILER_GLOBAL_ACCENT_COLOR_NAME = AccentColor;
				CODE_SIGN_STYLE = Automatic;
				CURRENT_PROJECT_VERSION = 1;
				DEVELOPMENT_ASSET_PATHS = "\"RRC137/Preview Content\"";
				ENABLE_PREVIEWS = YES;
				GENERATE_INFOPLIST_FILE = YES;
				INFOPLIST_KEY_UIApplicationSceneManifest_Generation = YES;
				INFOPLIST_KEY_UIApplicationSupportsIndirectInputEvents = YES;
				INFOPLIST_KEY_UILaunchScreen_Generation = YES;
				INFOPLIST_KEY_UISupportedInterfaceOrientations_iPad = "UIInterfaceOrientationPortrait UIInterfaceOrientationPortraitUpsideDown UIInterfaceOrientationLandscapeLeft UIInterfaceOrientationLandscapeRight";
				INFOPLIST_KEY_UISupportedInterfaceOrientations_iPhone = "UIInterfaceOrientationPortrait UIInterfaceOrientationLandscapeLeft UIInterfaceOrientationLandscapeRight";
				LD_RUNPATH_SEARCH_PATHS = (
					"$(inherited)",
					"@executable_path/Frameworks",
				);
				MARKETING_VERSION = 1.0;
				PRODUCT_BUNDLE_IDENTIFIER = com.c137.RRC137;
				PRODUCT_NAME = "$(TARGET_NAME)";
				SWIFT_EMIT_LOC_STRINGS = YES;
				SWIFT_VERSION = 5.0;
				TARGETED_DEVICE_FAMILY = "1,2";
			};
			name = Release;
		};
		4A8D0A2B2AC9CDFC003EA534 /* Debug */ = {
			isa = XCBuildConfiguration;
			buildSettings = {
				ALWAYS_EMBED_SWIFT_STANDARD_LIBRARIES = YES;
				BUNDLE_LOADER = "$(TEST_HOST)";
				CODE_SIGN_STYLE = Automatic;
				CURRENT_PROJECT_VERSION = 1;
				GENERATE_INFOPLIST_FILE = YES;
				IPHONEOS_DEPLOYMENT_TARGET = 17.0;
				MARKETING_VERSION = 1.0;
				PRODUCT_BUNDLE_IDENTIFIER = com.c137.RRC137Tests;
				PRODUCT_NAME = "$(TARGET_NAME)";
				SWIFT_EMIT_LOC_STRINGS = NO;
				SWIFT_VERSION = 5.0;
				TARGETED_DEVICE_FAMILY = "1,2";
				TEST_HOST = "$(BUILT_PRODUCTS_DIR)/RRC137.app/$(BUNDLE_EXECUTABLE_FOLDER_PATH)/RRC137";
			};
			name = Debug;
		};
		4A8D0A2C2AC9CDFC003EA534 /* Release */ = {
			isa = XCBuildConfiguration;
			buildSettings = {
				ALWAYS_EMBED_SWIFT_STANDARD_LIBRARIES = YES;
				BUNDLE_LOADER = "$(TEST_HOST)";
				CODE_SIGN_STYLE = Automatic;
				CURRENT_PROJECT_VERSION = 1;
				GENERATE_INFOPLIST_FILE = YES;
				IPHONEOS_DEPLOYMENT_TARGET = 17.0;
				MARKETING_VERSION = 1.0;
				PRODUCT_BUNDLE_IDENTIFIER = com.c137.RRC137Tests;
				PRODUCT_NAME = "$(TARGET_NAME)";
				SWIFT_EMIT_LOC_STRINGS = NO;
				SWIFT_VERSION = 5.0;
				TARGETED_DEVICE_FAMILY = "1,2";
				TEST_HOST = "$(BUILT_PRODUCTS_DIR)/RRC137.app/$(BUNDLE_EXECUTABLE_FOLDER_PATH)/RRC137";
			};
			name = Release;
		};
		4A8D0A2E2AC9CDFC003EA534 /* Debug */ = {
			isa = XCBuildConfiguration;
			buildSettings = {
				ALWAYS_EMBED_SWIFT_STANDARD_LIBRARIES = YES;
				CODE_SIGN_STYLE = Automatic;
				CURRENT_PROJECT_VERSION = 1;
				GENERATE_INFOPLIST_FILE = YES;
				MARKETING_VERSION = 1.0;
				PRODUCT_BUNDLE_IDENTIFIER = com.c137.RRC137UITests;
				PRODUCT_NAME = "$(TARGET_NAME)";
				SWIFT_EMIT_LOC_STRINGS = NO;
				SWIFT_VERSION = 5.0;
				TARGETED_DEVICE_FAMILY = "1,2";
				TEST_TARGET_NAME = RRC137;
			};
			name = Debug;
		};
		4A8D0A2F2AC9CDFC003EA534 /* Release */ = {
			isa = XCBuildConfiguration;
			buildSettings = {
				ALWAYS_EMBED_SWIFT_STANDARD_LIBRARIES = YES;
				CODE_SIGN_STYLE = Automatic;
				CURRENT_PROJECT_VERSION = 1;
				GENERATE_INFOPLIST_FILE = YES;
				MARKETING_VERSION = 1.0;
				PRODUCT_BUNDLE_IDENTIFIER = com.c137.RRC137UITests;
				PRODUCT_NAME = "$(TARGET_NAME)";
				SWIFT_EMIT_LOC_STRINGS = NO;
				SWIFT_VERSION = 5.0;
				TARGETED_DEVICE_FAMILY = "1,2";
				TEST_TARGET_NAME = RRC137;
			};
			name = Release;
		};
/* End XCBuildConfiguration section */

/* Begin XCConfigurationList section */
		4A8D09FE2AC9CDF9003EA534 /* Build configuration list for PBXProject "RRC137" */ = {
			isa = XCConfigurationList;
			buildConfigurations = (
				4A8D0A252AC9CDFC003EA534 /* Debug */,
				4A8D0A262AC9CDFC003EA534 /* Release */,
			);
			defaultConfigurationIsVisible = 0;
			defaultConfigurationName = Release;
		};
		4A8D0A272AC9CDFC003EA534 /* Build configuration list for PBXNativeTarget "RRC137" */ = {
			isa = XCConfigurationList;
			buildConfigurations = (
				4A8D0A282AC9CDFC003EA534 /* Debug */,
				4A8D0A292AC9CDFC003EA534 /* Release */,
			);
			defaultConfigurationIsVisible = 0;
			defaultConfigurationName = Release;
		};
		4A8D0A2A2AC9CDFC003EA534 /* Build configuration list for PBXNativeTarget "RRC137Tests" */ = {
			isa = XCConfigurationList;
			buildConfigurations = (
				4A8D0A2B2AC9CDFC003EA534 /* Debug */,
				4A8D0A2C2AC9CDFC003EA534 /* Release */,
			);
			defaultConfigurationIsVisible = 0;
			defaultConfigurationName = Release;
		};
		4A8D0A2D2AC9CDFC003EA534 /* Build configuration list for PBXNativeTarget "RRC137UITests" */ = {
			isa = XCConfigurationList;
			buildConfigurations = (
				4A8D0A2E2AC9CDFC003EA534 /* Debug */,
				4A8D0A2F2AC9CDFC003EA534 /* Release */,
			);
			defaultConfigurationIsVisible = 0;
			defaultConfigurationName = Release;
		};
/* End XCConfigurationList section */
	};
	rootObject = 4A8D09FB2AC9CDF9003EA534 /* Project object */;
}
